
Microsoft Visual Studio Solution File, Format Version 12.00
# Visual Studio Version 17
VisualStudioVersion = 17.5.33516.290
MinimumVisualStudioVersion = 10.0.40219.1
Project("{FAE04EC0-301F-11D3-BF4B-00C04F79EFBC}") = "UnitTestProject1", "UnitTestProject1.csproj", "{0BE57918-0605-4000-AF46-3AFA355E5450}"
EndProject
Global
	GlobalSection(SolutionConfigurationPlatforms) = preSolution
		Debug|Any CPU = Debug|Any CPU
		Release|Any CPU = Release|Any CPU
	EndGlobalSection
	GlobalSection(ProjectConfigurationPlatforms) = postSolution
		{0BE57918-0605-4000-AF46-3AFA355E5450}.Debug|Any CPU.ActiveCfg = Debug|Any CPU
		{0BE57918-0605-4000-AF46-3AFA355E5450}.Debug|Any CPU.Build.0 = Debug|Any CPU
		{0BE57918-0605-4000-AF46-3AFA355E5450}.Release|Any CPU.ActiveCfg = Release|Any CPU
		{0BE57918-0605-4000-AF46-3AFA355E5450}.Release|Any CPU.Build.0 = Release|Any CPU
	EndGlobalSection
	GlobalSection(SolutionProperties) = preSolution
		HideSolutionNode = FALSE
	EndGlobalSection
	GlobalSection(ExtensibilityGlobals) = postSolution
		SolutionGuid = {3A0BA935-0D38-4530-877B-75FCA32E9C85}
	EndGlobalSection
EndGlobal
